
Microsoft Visual Studio Solution File, Format Version 12.00
# Visual Studio Version 16
VisualStudioVersion = 16.0.30907.101
MinimumVisualStudioVersion = 10.0.40219.1
Project("{8BC9CEB8-8B4A-11D0-8D11-00A0C91BC942}") = "DataCenter", "DataCenter\DataCenter.vcxproj", "{F80FA3B0-1092-4B8F-AE0B-28DC44DFF868}"
EndProject
Project("{8BC9CEB8-8B4A-11D0-8D11-00A0C91BC942}") = "DataView", "DataView\DataView.vcxproj", "{6F802466-CC06-4A5E-A6F9-095DEAF8AC6A}"
EndProject
Project("{8BC9CEB8-8B4A-11D0-8D11-00A0C91BC942}") = "Config", "Config\Config.vcxproj", "{BED51C5F-3FA3-4BE3-9A10-522FF47F8083}"
EndProject
Project("{8BC9CEB8-8B4A-11D0-8D11-00A0C91BC942}") = "CountData", "CountData\CountData.vcxproj", "{B12702AD-ABFB-343A-A199-8E24837244A3}"
EndProject
Global
	GlobalSection(SolutionConfigurationPlatforms) = preSolution
		Debug|Win32 = Debug|Win32
		Debug|x64 = Debug|x64
		Release|Win32 = Release|Win32
		Release|x64 = Release|x64
	EndGlobalSection
	GlobalSection(ProjectConfigurationPlatforms) = postSolution
		{F80FA3B0-1092-4B8F-AE0B-28DC44DFF868}.Debug|Win32.ActiveCfg = Debug|Win32
		{F80FA3B0-1092-4B8F-AE0B-28DC44DFF868}.Debug|Win32.Build.0 = Debug|Win32
		{F80FA3B0-1092-4B8F-AE0B-28DC44DFF868}.Debug|x64.ActiveCfg = Debug|x64
		{F80FA3B0-1092-4B8F-AE0B-28DC44DFF868}.Debug|x64.Build.0 = Debug|x64
		{F80FA3B0-1092-4B8F-AE0B-28DC44DFF868}.Release|Win32.ActiveCfg = Release|Win32
		{F80FA3B0-1092-4B8F-AE0B-28DC44DFF868}.Release|Win32.Build.0 = Release|Win32
		{F80FA3B0-1092-4B8F-AE0B-28DC44DFF868}.Release|x64.ActiveCfg = Release|x64
		{F80FA3B0-1092-4B8F-AE0B-28DC44DFF868}.Release|x64.Build.0 = Release|x64
		{6F802466-CC06-4A5E-A6F9-095DEAF8AC6A}.Debug|Win32.ActiveCfg = Debug|Win32
		{6F802466-CC06-4A5E-A6F9-095DEAF8AC6A}.Debug|Win32.Build.0 = Debug|Win32
		{6F802466-CC06-4A5E-A6F9-095DEAF8AC6A}.Debug|x64.ActiveCfg = Debug|x64
		{6F802466-CC06-4A5E-A6F9-095DEAF8AC6A}.Debug|x64.Build.0 = Debug|x64
		{6F802466-CC06-4A5E-A6F9-095DEAF8AC6A}.Release|Win32.ActiveCfg = Release|Win32
		{6F802466-CC06-4A5E-A6F9-095DEAF8AC6A}.Release|Win32.Build.0 = Release|Win32
		{6F802466-CC06-4A5E-A6F9-095DEAF8AC6A}.Release|x64.ActiveCfg = Release|x64
		{6F802466-CC06-4A5E-A6F9-095DEAF8AC6A}.Release|x64.Build.0 = Release|x64
		{BED51C5F-3FA3-4BE3-9A10-522FF47F8083}.Debug|Win32.ActiveCfg = Debug|Win32
		{BED51C5F-3FA3-4BE3-9A10-522FF47F8083}.Debug|Win32.Build.0 = Debug|Win32
		{BED51C5F-3FA3-4BE3-9A10-522FF47F8083}.Debug|x64.ActiveCfg = Debug|x64
		{BED51C5F-3FA3-4BE3-9A10-522FF47F8083}.Debug|x64.Build.0 = Debug|x64
		{BED51C5F-3FA3-4BE3-9A10-522FF47F8083}.Release|Win32.ActiveCfg = Release|Win32
		{BED51C5F-3FA3-4BE3-9A10-522FF47F8083}.Release|Win32.Build.0 = Release|Win32
		{BED51C5F-3FA3-4BE3-9A10-522FF47F8083}.Release|x64.ActiveCfg = Release|x64
		{BED51C5F-3FA3-4BE3-9A10-522FF47F8083}.Release|x64.Build.0 = Release|x64
		{B12702AD-ABFB-343A-A199-8E24837244A3}.Debug|Win32.ActiveCfg = Debug|Win32
		{B12702AD-ABFB-343A-A199-8E24837244A3}.Debug|Win32.Build.0 = Debug|Win32
		{B12702AD-ABFB-343A-A199-8E24837244A3}.Debug|x64.ActiveCfg = Debug|x64
		{B12702AD-ABFB-343A-A199-8E24837244A3}.Debug|x64.Build.0 = Debug|x64
		{B12702AD-ABFB-343A-A199-8E24837244A3}.Release|Win32.ActiveCfg = Release|Win32
		{B12702AD-ABFB-343A-A199-8E24837244A3}.Release|Win32.Build.0 = Release|Win32
		{B12702AD-ABFB-343A-A199-8E24837244A3}.Release|x64.ActiveCfg = Release|x64
		{B12702AD-ABFB-343A-A199-8E24837244A3}.Release|x64.Build.0 = Release|x64
	EndGlobalSection
	GlobalSection(SolutionProperties) = preSolution
		HideSolutionNode = FALSE
	EndGlobalSection
	GlobalSection(ExtensibilityGlobals) = postSolution
		Qt5Version = 5.9.3_32_vs2015
		QtVersion = 5.9.3_32_vs2015
		SolutionGuid = {C6594776-3910-43FB-816F-27939FE777A5}
	EndGlobalSection
EndGlobal
