<?xml version="1.0" encoding="utf-8"?>
<Project ToolsVersion="4.0" xmlns="http://schemas.microsoft.com/developer/msbuild/2003">
  <ItemGroup>
    <ClCompile Include="Core.cpp">
      <Filter>Source Files</Filter>
    </ClCompile>
    <ClCompile Include="GeneratedFiles\Debug\moc_Core.cpp">
      <Filter>Generated Files\Debug</Filter>
    </ClCompile>
    <ClCompile Include="GeneratedFiles\Release\moc_Core.cpp">
      <Filter>Generated Files\Release</Filter>
    </ClCompile>
    <ClCompile Include="main.cpp">
      <Filter>Source Files</Filter>
    </ClCompile>
    <ClCompile Include="soap\stdsoap2.cpp">
      <Filter>Source Files</Filter>
    </ClCompile>
    <ClCompile Include="fileVersion.cpp">
      <Filter>Source Files</Filter>
    </ClCompile>
    <ClCompile Include="soap\soapClient.cpp">
      <Filter>vexi_Pro</Filter>
    </ClCompile>
    <ClCompile Include="soap\soapC.cpp">
      <Filter>vexi_Pro</Filter>
    </ClCompile>
    <ClCompile Include="protocolv2\protocolv2C.cpp">
      <Filter>protocolv2</Filter>
    </ClCompile>
    <ClCompile Include="protocolv2\protocolv2Client.cpp">
      <Filter>protocolv2</Filter>
    </ClCompile>
  </ItemGroup>
  <ItemGroup>
    <ClInclude Include="soap\stdsoap2.h">
      <Filter>Header Files</Filter>
    </ClInclude>
    <ClInclude Include="resource.h">
      <Filter>Header Files</Filter>
    </ClInclude>
    <ClInclude Include="fileVersion.h">
      <Filter>Header Files</Filter>
    </ClInclude>
    <ClInclude Include="soap\soapStub.h">
      <Filter>vexi_Pro</Filter>
    </ClInclude>
    <ClInclude Include="soap\soapH.h">
      <Filter>vexi_Pro</Filter>
    </ClInclude>
    <ClInclude Include="protocolv2\protocolv2H.h">
      <Filter>protocolv2</Filter>
    </ClInclude>
    <ClInclude Include="protocolv2\protocolv2Stub.h">
      <Filter>protocolv2</Filter>
    </ClInclude>
  </ItemGroup>
  <ItemGroup>
    <Filter Include="Header Files">
      <UniqueIdentifier>{93995380-89BD-4b04-88EB-625FBE52EBFB}</UniqueIdentifier>
      <Extensions>h</Extensions>
      <ParseFiles>true</ParseFiles>
    </Filter>
    <Filter Include="Source Files">
      <UniqueIdentifier>{4FC737F1-C7A5-4376-A066-2A32D752A2FF}</UniqueIdentifier>
      <Extensions>cpp;cxx;c;def</Extensions>
      <ParseFiles>true</ParseFiles>
    </Filter>
    <Filter Include="Generated Files">
      <UniqueIdentifier>{71ED8ED8-ACB9-4CE9-BBE1-E00B30144E11}</UniqueIdentifier>
      <Extensions>moc;h;cpp</Extensions>
      <ParseFiles>true</ParseFiles>
    </Filter>
    <Filter Include="Generated Files\Debug">
      <UniqueIdentifier>{a3aef15b-3e9b-4f6b-b323-cd6e7766f0f9}</UniqueIdentifier>
      <Extensions>cpp;moc</Extensions>
      <SourceControlFiles>False</SourceControlFiles>
    </Filter>
    <Filter Include="Generated Files\Release">
      <UniqueIdentifier>{fbc7f694-2267-4839-83b7-3debc70a77e7}</UniqueIdentifier>
      <Extensions>cpp;moc</Extensions>
      <SourceControlFiles>False</SourceControlFiles>
    </Filter>
    <Filter Include="vexi_Pro">
      <UniqueIdentifier>{7b8b754e-f073-462d-bce6-9e8d4abdbf4f}</UniqueIdentifier>
    </Filter>
    <Filter Include="protocolv2">
      <UniqueIdentifier>{353db11e-0e08-44db-9403-3cecaa355170}</UniqueIdentifier>
    </Filter>
  </ItemGroup>
  <ItemGroup>
    <CustomBuild Include="Core.hpp">
      <Filter>Header Files</Filter>
    </CustomBuild>
    <CustomBuild Include="protocolv2\cwebservice.wsdl">
      <Filter>protocolv2</Filter>
    </CustomBuild>
  </ItemGroup>
  <ItemGroup>
    <None Include="soap\ServiceTM11Soap.nsmap" />
    <None Include="protocolv2\protocolv2.nsmap">
      <Filter>protocolv2</Filter>
    </None>
  </ItemGroup>
  <ItemGroup>
    <ResourceCompile Include="CountData.rc" />
  </ItemGroup>
</Project>